{
  "name": "HereWeGo",
  "version": "0.2.0",
  "lockfileVersion": 1,
  "requires": true,
  "dependencies": {
    "camel-case": {
      "version": "3.0.0",
      "resolved": "https://registry.npmjs.org/camel-case/-/camel-case-3.0.0.tgz",
      "integrity": "sha1-yjw2iKTpzzpM2nd9xNy8cTJJz3M=",
      "requires": {
        "no-case": "2.3.2",
        "upper-case": "1.1.3"
      }
    },
    "clean-css": {
      "version": "4.1.11",
      "resolved": "https://registry.npmjs.org/clean-css/-/clean-css-4.1.11.tgz",
      "integrity": "sha1-Ls3xRaujj1R0DybO/Q/z4D4SXWo=",
      "requires": {
        "source-map": "0.5.7"
      }
    },
    "commander": {
      "version": "2.15.1",
      "resolved": "https://registry.npmjs.org/commander/-/commander-2.15.1.tgz",
      "integrity": "sha512-VlfT9F3V0v+jr4yxPc5gg9s62/fIVWsd2Bk2iD435um1NlGMYdVCq+MjcXnhYq2icNOizHr1kK+5TI6H0Hy0ag=="
    },
    "cordova-android": {
      "version": "7.1.0",
      "resolved": "https://registry.npmjs.org/cordova-android/-/cordova-android-7.1.0.tgz",
      "integrity": "sha1-HNNu57nRm61Q0+mEK3Mf5ZCSTdU=",
      "requires": {
        "android-versions": "1.3.0",
        "cordova-common": "2.2.1",
        "elementtree": "0.1.6",
        "nopt": "3.0.6",
        "properties-parser": "0.2.3",
        "q": "1.5.1",
        "shelljs": "0.5.3"
      },
      "dependencies": {
        "abbrev": {
          "version": "1.1.1",
          "bundled": true
        },
        "android-versions": {
          "version": "1.3.0",
          "bundled": true,
          "requires": {
            "semver": "5.5.0"
          }
        },
        "ansi": {
          "version": "0.3.1",
          "bundled": true
        },
        "balanced-match": {
          "version": "1.0.0",
          "bundled": true
        },
        "base64-js": {
          "version": "0.0.8",
          "bundled": true
        },
        "big-integer": {
          "version": "1.6.26",
          "bundled": true
        },
        "bplist-parser": {
          "version": "0.1.1",
          "bundled": true,
          "requires": {
            "big-integer": "1.6.26"
          }
        },
        "brace-expansion": {
          "version": "1.1.11",
          "bundled": true,
          "requires": {
            "balanced-match": "1.0.0",
            "concat-map": "0.0.1"
          }
        },
        "concat-map": {
          "version": "0.0.1",
          "bundled": true
        },
        "cordova-common": {
          "version": "2.2.1",
          "bundled": true,
          "requires": {
            "ansi": "0.3.1",
            "bplist-parser": "0.1.1",
            "cordova-registry-mapper": "1.1.15",
            "elementtree": "0.1.6",
            "glob": "5.0.15",
            "minimatch": "3.0.4",
            "osenv": "0.1.5",
            "plist": "1.2.0",
            "q": "1.5.1",
            "semver": "5.5.0",
            "shelljs": "0.5.3",
            "underscore": "1.8.3",
            "unorm": "1.4.1"
          }
        },
        "cordova-registry-mapper": {
          "version": "1.1.15",
          "bundled": true
        },
        "elementtree": {
          "version": "0.1.6",
          "bundled": true,
          "requires": {
            "sax": "0.3.5"
          }
        },
        "glob": {
          "version": "5.0.15",
          "bundled": true,
          "requires": {
            "inflight": "1.0.6",
            "inherits": "2.0.3",
            "minimatch": "3.0.4",
            "once": "1.4.0",
            "path-is-absolute": "1.0.1"
          }
        },
        "inflight": {
          "version": "1.0.6",
          "bundled": true,
          "requires": {
            "once": "1.4.0",
            "wrappy": "1.0.2"
          }
        },
        "inherits": {
          "version": "2.0.3",
          "bundled": true
        },
        "lodash": {
          "version": "3.10.1",
          "bundled": true
        },
        "minimatch": {
          "version": "3.0.4",
          "bundled": true,
          "requires": {
            "brace-expansion": "1.1.11"
          }
        },
        "nopt": {
          "version": "3.0.6",
          "bundled": true,
          "requires": {
            "abbrev": "1.1.1"
          }
        },
        "once": {
          "version": "1.4.0",
          "bundled": true,
          "requires": {
            "wrappy": "1.0.2"
          }
        },
        "os-homedir": {
          "version": "1.0.2",
          "bundled": true
        },
        "os-tmpdir": {
          "version": "1.0.2",
          "bundled": true
        },
        "osenv": {
          "version": "0.1.5",
          "bundled": true,
          "requires": {
            "os-homedir": "1.0.2",
            "os-tmpdir": "1.0.2"
          }
        },
        "path-is-absolute": {
          "version": "1.0.1",
          "bundled": true
        },
        "plist": {
          "version": "1.2.0",
          "bundled": true,
          "requires": {
            "base64-js": "0.0.8",
            "util-deprecate": "1.0.2",
            "xmlbuilder": "4.0.0",
            "xmldom": "0.1.27"
          }
        },
        "properties-parser": {
          "version": "0.2.3",
          "bundled": true
        },
        "q": {
          "version": "1.5.1",
          "bundled": true
        },
        "sax": {
          "version": "0.3.5",
          "bundled": true
        },
        "semver": {
          "version": "5.5.0",
          "bundled": true
        },
        "shelljs": {
          "version": "0.5.3",
          "bundled": true
        },
        "underscore": {
          "version": "1.8.3",
          "bundled": true
        },
        "unorm": {
          "version": "1.4.1",
          "bundled": true
        },
        "util-deprecate": {
          "version": "1.0.2",
          "bundled": true
        },
        "wrappy": {
          "version": "1.0.2",
          "bundled": true
        },
        "xmlbuilder": {
          "version": "4.0.0",
          "bundled": true,
          "requires": {
            "lodash": "3.10.1"
          }
        },
        "xmldom": {
          "version": "0.1.27",
          "bundled": true
        }
      }
    },
    "cordova-http": {
      "version": "0.3.0",
      "resolved": "https://registry.npmjs.org/cordova-http/-/cordova-http-0.3.0.tgz",
      "integrity": "sha1-7uWI30wmvnvNPUI4EhvojNTqqYs="
    },
    "cordova-ios": {
      "version": "4.5.4",
      "resolved": "https://registry.npmjs.org/cordova-ios/-/cordova-ios-4.5.4.tgz",
      "integrity": "sha1-yAZIBYlyloVw3BXalzFP+S0H3+c=",
      "requires": {
        "cordova-common": "2.1.0",
        "ios-sim": "6.1.2",
        "nopt": "3.0.6",
        "plist": "1.2.0",
        "q": "1.5.1",
        "shelljs": "0.5.3",
        "xcode": "0.9.3",
        "xml-escape": "1.1.0"
      },
      "dependencies": {
        "abbrev": {
          "version": "1.1.1",
          "bundled": true
        },
        "ansi": {
          "version": "0.3.1",
          "bundled": true
        },
        "balanced-match": {
          "version": "1.0.0",
          "bundled": true
        },
        "base64-js": {
          "version": "0.0.8",
          "bundled": true
        },
        "big-integer": {
          "version": "1.6.25",
          "bundled": true
        },
        "bplist-creator": {
          "version": "0.0.7",
          "bundled": true,
          "requires": {
            "stream-buffers": "2.2.0"
          }
        },
        "bplist-parser": {
          "version": "0.1.1",
          "bundled": true,
          "requires": {
            "big-integer": "1.6.25"
          }
        },
        "brace-expansion": {
          "version": "1.1.8",
          "bundled": true,
          "requires": {
            "balanced-match": "1.0.0",
            "concat-map": "0.0.1"
          }
        },
        "concat-map": {
          "version": "0.0.1",
          "bundled": true
        },
        "cordova-common": {
          "version": "2.1.0",
          "bundled": true,
          "requires": {
            "ansi": "0.3.1",
            "bplist-parser": "0.1.1",
            "cordova-registry-mapper": "1.1.15",
            "elementtree": "0.1.6",
            "glob": "5.0.15",
            "minimatch": "3.0.4",
            "osenv": "0.1.4",
            "plist": "1.2.0",
            "q": "1.5.1",
            "semver": "5.4.1",
            "shelljs": "0.5.3",
            "underscore": "1.8.3",
            "unorm": "1.4.1"
          }
        },
        "cordova-registry-mapper": {
          "version": "1.1.15",
          "bundled": true
        },
        "elementtree": {
          "version": "0.1.6",
          "bundled": true,
          "requires": {
            "sax": "0.3.5"
          }
        },
        "glob": {
          "version": "5.0.15",
          "bundled": true,
          "requires": {
            "inflight": "1.0.6",
            "inherits": "2.0.3",
            "minimatch": "3.0.4",
            "once": "1.4.0",
            "path-is-absolute": "1.0.1"
          }
        },
        "inflight": {
          "version": "1.0.6",
          "bundled": true,
          "requires": {
            "once": "1.4.0",
            "wrappy": "1.0.2"
          }
        },
        "inherits": {
          "version": "2.0.3",
          "bundled": true
        },
        "ios-sim": {
          "version": "6.1.2",
          "bundled": true,
          "requires": {
            "bplist-parser": "0.0.6",
            "nopt": "1.0.9",
            "plist": "1.2.0",
            "simctl": "1.1.1"
          },
          "dependencies": {
            "bplist-parser": {
              "version": "0.0.6",
              "bundled": true
            },
            "nopt": {
              "version": "1.0.9",
              "bundled": true,
              "requires": {
                "abbrev": "1.1.1"
              }
            }
          }
        },
        "lodash": {
          "version": "3.10.1",
          "bundled": true
        },
        "minimatch": {
          "version": "3.0.4",
          "bundled": true,
          "requires": {
            "brace-expansion": "1.1.8"
          }
        },
        "nopt": {
          "version": "3.0.6",
          "bundled": true,
          "requires": {
            "abbrev": "1.1.1"
          }
        },
        "once": {
          "version": "1.4.0",
          "bundled": true,
          "requires": {
            "wrappy": "1.0.2"
          }
        },
        "os-homedir": {
          "version": "1.0.2",
          "bundled": true
        },
        "os-tmpdir": {
          "version": "1.0.2",
          "bundled": true
        },
        "osenv": {
          "version": "0.1.4",
          "bundled": true,
          "requires": {
            "os-homedir": "1.0.2",
            "os-tmpdir": "1.0.2"
          }
        },
        "path-is-absolute": {
          "version": "1.0.1",
          "bundled": true
        },
        "pegjs": {
          "version": "0.10.0",
          "bundled": true
        },
        "plist": {
          "version": "1.2.0",
          "bundled": true,
          "requires": {
            "base64-js": "0.0.8",
            "util-deprecate": "1.0.2",
            "xmlbuilder": "4.0.0",
            "xmldom": "0.1.27"
          }
        },
        "q": {
          "version": "1.5.1",
          "bundled": true
        },
        "sax": {
          "version": "0.3.5",
          "bundled": true
        },
        "semver": {
          "version": "5.4.1",
          "bundled": true
        },
        "shelljs": {
          "version": "0.5.3",
          "bundled": true
        },
        "simctl": {
          "version": "1.1.1",
          "bundled": true,
          "requires": {
            "shelljs": "0.2.6",
            "tail": "0.4.0"
          },
          "dependencies": {
            "shelljs": {
              "version": "0.2.6",
              "bundled": true
            }
          }
        },
        "simple-plist": {
          "version": "0.2.1",
          "bundled": true,
          "requires": {
            "bplist-creator": "0.0.7",
            "bplist-parser": "0.1.1",
            "plist": "2.0.1"
          },
          "dependencies": {
            "base64-js": {
              "version": "1.1.2",
              "bundled": true
            },
            "plist": {
              "version": "2.0.1",
              "bundled": true,
              "requires": {
                "base64-js": "1.1.2",
                "xmlbuilder": "8.2.2",
                "xmldom": "0.1.27"
              }
            },
            "xmlbuilder": {
              "version": "8.2.2",
              "bundled": true
            }
          }
        },
        "stream-buffers": {
          "version": "2.2.0",
          "bundled": true
        },
        "tail": {
          "version": "0.4.0",
          "bundled": true
        },
        "underscore": {
          "version": "1.8.3",
          "bundled": true
        },
        "unorm": {
          "version": "1.4.1",
          "bundled": true
        },
        "util-deprecate": {
          "version": "1.0.2",
          "bundled": true
        },
        "uuid": {
          "version": "3.0.1",
          "bundled": true
        },
        "wrappy": {
          "version": "1.0.2",
          "bundled": true
        },
        "xcode": {
          "version": "0.9.3",
          "bundled": true,
          "requires": {
            "pegjs": "0.10.0",
            "simple-plist": "0.2.1",
            "uuid": "3.0.1"
          }
        },
        "xml-escape": {
          "version": "1.1.0",
          "bundled": true
        },
        "xmlbuilder": {
          "version": "4.0.0",
          "bundled": true,
          "requires": {
            "lodash": "3.10.1"
          }
        },
        "xmldom": {
          "version": "0.1.27",
          "bundled": true
        }
      }
    },
    "cordova-plugin-browsertab": {
      "version": "0.2.0",
      "resolved": "https://registry.npmjs.org/cordova-plugin-browsertab/-/cordova-plugin-browsertab-0.2.0.tgz",
      "integrity": "sha1-Hgf5hy4VRnpQ59FKc/79h0+u1ko="
    },
    "cordova-plugin-compat": {
      "version": "1.2.0",
      "resolved": "https://registry.npmjs.org/cordova-plugin-compat/-/cordova-plugin-compat-1.2.0.tgz",
      "integrity": "sha1-C8ZXVyduvZIMASzpIOJ0F3V2Nz4="
    },
    "cordova-plugin-file": {
      "version": "6.0.1",
      "resolved": "https://registry.npmjs.org/cordova-plugin-file/-/cordova-plugin-file-6.0.1.tgz",
      "integrity": "sha1-SWBrjBWlaI1HKPkuSnMloGHeB/U="
    },
    "cordova-plugin-http": {
      "version": "1.2.0",
      "resolved": "https://registry.npmjs.org/cordova-plugin-http/-/cordova-plugin-http-1.2.0.tgz",
      "integrity": "sha1-hUqixhWMCa7FzBOhHObahcnEqhc="
    },
    "cordova-plugin-inappbrowser": {
      "version": "3.0.0",
      "resolved": "https://registry.npmjs.org/cordova-plugin-inappbrowser/-/cordova-plugin-inappbrowser-3.0.0.tgz",
      "integrity": "sha1-1K4A02Z2IQdRBXrSWK5K1KkWGto="
    },
    "cordova-plugin-splashscreen": {
      "version": "5.0.2",
      "resolved": "https://registry.npmjs.org/cordova-plugin-splashscreen/-/cordova-plugin-splashscreen-5.0.2.tgz",
      "integrity": "sha1-dH509W4gHNWFvGLRS8oZ9oZ/8e0="
    },
    "cordova-plugin-statusbar": {
      "version": "2.4.2",
      "resolved": "https://registry.npmjs.org/cordova-plugin-statusbar/-/cordova-plugin-statusbar-2.4.2.tgz",
      "integrity": "sha1-/B+9wNjXAzp+jh8ff/FnrJvU+vY="
    },
    "cordova-plugin-whitelist": {
      "version": "1.3.3",
      "resolved": "https://registry.npmjs.org/cordova-plugin-whitelist/-/cordova-plugin-whitelist-1.3.3.tgz",
      "integrity": "sha1-tehezbv+Wu3tQKG/TuI3LmfZb7Q="
    },
    "he": {
      "version": "1.1.1",
      "resolved": "https://registry.npmjs.org/he/-/he-1.1.1.tgz",
      "integrity": "sha1-k0EP0hsAlzUVH4howvJx80J+I/0="
    },
    "html-minifier": {
      "version": "3.5.16",
      "resolved": "https://registry.npmjs.org/html-minifier/-/html-minifier-3.5.16.tgz",
      "integrity": "sha512-zP5EfLSpiLRp0aAgud4CQXPQZm9kXwWjR/cF0PfdOj+jjWnOaCgeZcll4kYXSvIBPeUMmyaSc7mM4IDtA+kboA==",
      "requires": {
        "camel-case": "3.0.0",
        "clean-css": "4.1.11",
        "commander": "2.15.1",
        "he": "1.1.1",
        "param-case": "2.1.1",
        "relateurl": "0.2.7",
        "uglify-js": "3.3.28"
      },
      "dependencies": {
        "source-map": {
          "version": "0.6.1",
          "resolved": "https://registry.npmjs.org/source-map/-/source-map-0.6.1.tgz",
          "integrity": "sha512-UjgapumWlbMhkBgzT7Ykc5YXUT46F0iKu8SGXq0bcwP5dz/h0Plj6enJqjz1Zbq2l5WaqYnrVbwWOWMyF3F47g=="
        },
        "uglify-js": {
          "version": "3.3.28",
          "resolved": "https://registry.npmjs.org/uglify-js/-/uglify-js-3.3.28.tgz",
          "integrity": "sha512-68Rc/aA6cswiaQ5SrE979UJcXX+ADA1z33/ZsPd+fbAiVdjZ16OXdbtGO+rJUUBgK6qdf3SOPhQf3K/ybF5Miw==",
          "requires": {
            "commander": "2.15.1",
            "source-map": "0.6.1"
          }
        }
      }
    },
    "lower-case": {
      "version": "1.1.4",
      "resolved": "https://registry.npmjs.org/lower-case/-/lower-case-1.1.4.tgz",
      "integrity": "sha1-miyr0bno4K6ZOkv31YdcOcQujqw="
    },
    "no-case": {
      "version": "2.3.2",
      "resolved": "https://registry.npmjs.org/no-case/-/no-case-2.3.2.tgz",
      "integrity": "sha512-rmTZ9kz+f3rCvK2TD1Ue/oZlns7OGoIWP4fc3llxxRXlOkHKoWPPWJOfFYpITabSow43QJbRIoHQXtt10VldyQ==",
      "requires": {
        "lower-case": "1.1.4"
      }
    },
    "param-case": {
      "version": "2.1.1",
      "resolved": "https://registry.npmjs.org/param-case/-/param-case-2.1.1.tgz",
      "integrity": "sha1-35T9jPZTHs915r75oIWPvHK+Ikc=",
      "requires": {
        "no-case": "2.3.2"
      }
    },
    "relateurl": {
      "version": "0.2.7",
      "resolved": "https://registry.npmjs.org/relateurl/-/relateurl-0.2.7.tgz",
      "integrity": "sha1-VNvzd+UUQKypCkzSdGANP/LYiKk="
    },
    "source-map": {
      "version": "0.5.7",
      "resolved": "https://registry.npmjs.org/source-map/-/source-map-0.5.7.tgz",
      "integrity": "sha1-igOdLRAh0i0eoUyA2OpGi6LvP8w="
    },
    "typescript": {
      "version": "2.8.3",
      "resolved": "https://registry.npmjs.org/typescript/-/typescript-2.8.3.tgz",
      "integrity": "sha512-K7g15Bb6Ra4lKf7Iq2l/I5/En+hLIHmxWZGq3D4DIRNFxMNV6j2SHSvDOqs2tGd4UvD/fJvrwopzQXjLrT7Itw=="
    },
    "uglify-js": {
      "version": "3.4.1",
      "resolved": "https://registry.npmjs.org/uglify-js/-/uglify-js-3.4.1.tgz",
      "integrity": "sha512-ITeCo3bk/cBaK5zD3RKdCtRoxaQQJMfZke4mikJfpkXOEioqQewcJ/3K9WCqQ+WcfWjP8pkstsfFQNNOVSqnoA==",
      "requires": {
        "commander": "2.15.1",
        "source-map": "0.6.1"
      },
      "dependencies": {
        "source-map": {
          "version": "0.6.1",
          "resolved": "https://registry.npmjs.org/source-map/-/source-map-0.6.1.tgz",
          "integrity": "sha512-UjgapumWlbMhkBgzT7Ykc5YXUT46F0iKu8SGXq0bcwP5dz/h0Plj6enJqjz1Zbq2l5WaqYnrVbwWOWMyF3F47g=="
        }
      }
    },
    "upper-case": {
      "version": "1.1.3",
      "resolved": "https://registry.npmjs.org/upper-case/-/upper-case-1.1.3.tgz",
      "integrity": "sha1-9rRQHC7EzdJrp4vnIilh3ndiFZg="
    }
  }
}
