{
  "name": "HereWeGo",
  "version": "0.2.0",
  "lockfileVersion": 1,
  "requires": true,
  "dependencies": {
    "@types/events": {
      "version": "1.2.0",
      "resolved": "https://registry.npmjs.org/@types/events/-/events-1.2.0.tgz",
      "integrity": "sha512-KEIlhXnIutzKwRbQkGWb/I4HFqBuUykAdHgDED6xqwXJfONCjF5VoE0cXEiurh3XauygxzeDzgtXUqvLkxFzzA=="
    },
    "@types/fs-extra": {
      "version": "5.0.4",
      "resolved": "https://registry.npmjs.org/@types/fs-extra/-/fs-extra-5.0.4.tgz",
      "integrity": "sha512-DsknoBvD8s+RFfSGjmERJ7ZOP1HI0UZRA3FSI+Zakhrc/Gy26YQsLI+m5V5DHxroHRJqCDLKJp7Hixn8zyaF7g==",
      "requires": {
        "@types/node": "*"
      }
    },
    "@types/glob": {
      "version": "5.0.35",
      "resolved": "https://registry.npmjs.org/@types/glob/-/glob-5.0.35.tgz",
      "integrity": "sha512-wc+VveszMLyMWFvXLkloixT4n0harUIVZjnpzztaZ0nKLuul7Z32iMt2fUFGAaZ4y1XWjFRMtCI5ewvyh4aIeg==",
      "requires": {
        "@types/events": "*",
        "@types/minimatch": "*",
        "@types/node": "*"
      }
    },
    "@types/handlebars": {
      "version": "4.0.39",
      "resolved": "https://registry.npmjs.org/@types/handlebars/-/handlebars-4.0.39.tgz",
      "integrity": "sha512-vjaS7Q0dVqFp85QhyPSZqDKnTTCemcSHNHFvDdalO1s0Ifz5KuE64jQD5xoUkfdWwF4WpqdJEl7LsWH8rzhKJA=="
    },
    "@types/highlight.js": {
      "version": "9.12.3",
      "resolved": "https://registry.npmjs.org/@types/highlight.js/-/highlight.js-9.12.3.tgz",
      "integrity": "sha512-pGF/zvYOACZ/gLGWdQH8zSwteQS1epp68yRcVLJMgUck/MjEn/FBYmPub9pXT8C1e4a8YZfHo1CKyV8q1vKUnQ=="
    },
    "@types/lodash": {
      "version": "4.14.116",
      "resolved": "https://registry.npmjs.org/@types/lodash/-/lodash-4.14.116.tgz",
      "integrity": "sha512-lRnAtKnxMXcYYXqOiotTmJd74uawNWuPnsnPrrO7HiFuE3npE2iQhfABatbYDyxTNqZNuXzcKGhw37R7RjBFLg=="
    },
    "@types/marked": {
      "version": "0.4.1",
      "resolved": "https://registry.npmjs.org/@types/marked/-/marked-0.4.1.tgz",
      "integrity": "sha512-ZqEGxppVG1x9QK/hkHxzmf6m4xcnk9CaHjNCqwvUeN3pMdCcQkPxmvrbLZ5GbP7K25TgiT1nKIGnz0U3M+G05Q=="
    },
    "@types/minimatch": {
      "version": "3.0.3",
      "resolved": "https://registry.npmjs.org/@types/minimatch/-/minimatch-3.0.3.tgz",
      "integrity": "sha512-tHq6qdbT9U1IRSGf14CL0pUlULksvY9OZ+5eEgl1N7t+OA3tGvNpxJCzuKQlsNgCVwbAs670L1vcVQi8j9HjnA=="
    },
    "@types/node": {
      "version": "10.9.4",
      "resolved": "https://registry.npmjs.org/@types/node/-/node-10.9.4.tgz",
      "integrity": "sha512-fCHV45gS+m3hH17zgkgADUSi2RR1Vht6wOZ0jyHP8rjiQra9f+mIcgwPQHllmDocYOstIEbKlxbFDYlgrTPYqw=="
    },
    "@types/shelljs": {
      "version": "0.8.0",
      "resolved": "https://registry.npmjs.org/@types/shelljs/-/shelljs-0.8.0.tgz",
      "integrity": "sha512-vs1hCC8RxLHRu2bwumNyYRNrU3o8BtZhLysH5A4I98iYmA2APl6R3uNQb5ihl+WiwH0xdC9LLO+vRrXLs/Kyxg==",
      "requires": {
        "@types/glob": "*",
        "@types/node": "*"
      }
    },
    "balanced-match": {
      "version": "1.0.0",
      "resolved": "https://registry.npmjs.org/balanced-match/-/balanced-match-1.0.0.tgz",
      "integrity": "sha1-ibTRmasr7kneFk6gK4nORi1xt2c="
    },
    "brace-expansion": {
      "version": "1.1.11",
      "resolved": "https://registry.npmjs.org/brace-expansion/-/brace-expansion-1.1.11.tgz",
      "integrity": "sha512-iCuPHDFgrHX7H2vEI/5xpz07zSHB00TpugqhmYtVmMO6518mCuRMoOYFldEBl0g187ufozdaHgWKcYFb61qGiA==",
      "requires": {
        "balanced-match": "^1.0.0",
        "concat-map": "0.0.1"
      }
    },
    "camel-case": {
      "version": "3.0.0",
      "resolved": "https://registry.npmjs.org/camel-case/-/camel-case-3.0.0.tgz",
      "integrity": "sha1-yjw2iKTpzzpM2nd9xNy8cTJJz3M=",
      "requires": {
        "no-case": "^2.2.0",
        "upper-case": "^1.1.1"
      }
    },
    "clean-css": {
      "version": "4.2.1",
      "resolved": "https://registry.npmjs.org/clean-css/-/clean-css-4.2.1.tgz",
      "integrity": "sha512-4ZxI6dy4lrY6FHzfiy1aEOXgu4LIsW2MhwG0VBKdcoGoH/XLFgaHSdLTGr4O8Be6A8r3MOphEiI8Gc1n0ecf3g==",
      "requires": {
        "source-map": "~0.6.0"
      }
    },
    "commander": {
      "version": "2.17.1",
      "resolved": "https://registry.npmjs.org/commander/-/commander-2.17.1.tgz",
      "integrity": "sha512-wPMUt6FnH2yzG95SA6mzjQOEKUU3aLaDEmzs1ti+1E9h+CsrZghRlqEM/EJ4KscsQVG8uNN4uVreUeT8+drlgg=="
    },
    "concat-map": {
      "version": "0.0.1",
      "resolved": "https://registry.npmjs.org/concat-map/-/concat-map-0.0.1.tgz",
      "integrity": "sha1-2Klr13/Wjfd5OnMDajug1UBdR3s="
    },
    "cordova-android": {
      "version": "7.1.1",
      "resolved": "https://registry.npmjs.org/cordova-android/-/cordova-android-7.1.1.tgz",
      "integrity": "sha512-MAOwEMT3TuGjKw4McNzzYyHmxkWY3ozafbIgdMAvPzqSBVGIcn+H3SmWfaHtUXfmIPFliT171ICsSm6W5lZXEA==",
      "requires": {
        "abbrev": "*",
        "android-versions": "1.3.0",
        "ansi": "*",
        "balanced-match": "*",
        "base64-js": "1.2.0",
        "big-integer": "*",
        "bplist-parser": "*",
        "brace-expansion": "*",
        "concat-map": "*",
        "cordova-common": "2.2.5",
        "cordova-registry-mapper": "*",
        "elementtree": "0.1.6",
        "glob": "5.0.15",
        "inflight": "*",
        "inherits": "*",
        "minimatch": "*",
        "nopt": "3.0.1",
        "once": "*",
        "path-is-absolute": "*",
        "plist": "2.1.0",
        "properties-parser": "0.2.3",
        "q": "1.4.1",
        "sax": "0.3.5",
        "semver": "*",
        "shelljs": "0.5.3",
        "underscore": "*",
        "unorm": "*",
        "wrappy": "*",
        "xmlbuilder": "8.2.2",
        "xmldom": "*"
      },
      "dependencies": {
        "abbrev": {
          "version": "1.1.1",
          "bundled": true
        },
        "android-versions": {
          "version": "1.3.0",
          "bundled": true,
          "requires": {
            "semver": "^5.4.1"
          }
        },
        "ansi": {
          "version": "0.3.1",
          "bundled": true
        },
        "balanced-match": {
          "version": "1.0.0",
          "bundled": true
        },
        "base64-js": {
          "version": "1.2.0",
          "bundled": true
        },
        "big-integer": {
          "version": "1.6.32",
          "bundled": true
        },
        "bplist-parser": {
          "version": "0.1.1",
          "bundled": true,
          "requires": {
            "big-integer": "^1.6.7"
          }
        },
        "brace-expansion": {
          "version": "1.1.11",
          "bundled": true,
          "requires": {
            "balanced-match": "^1.0.0",
            "concat-map": "0.0.1"
          }
        },
        "concat-map": {
          "version": "0.0.1",
          "bundled": true
        },
        "cordova-common": {
          "version": "2.2.5",
          "bundled": true,
          "requires": {
            "ansi": "^0.3.1",
            "bplist-parser": "^0.1.0",
            "cordova-registry-mapper": "^1.1.8",
            "elementtree": "0.1.6",
            "glob": "^5.0.13",
            "minimatch": "^3.0.0",
            "plist": "^2.1.0",
            "q": "^1.4.1",
            "shelljs": "^0.5.3",
            "underscore": "^1.8.3",
            "unorm": "^1.3.3"
          }
        },
        "cordova-registry-mapper": {
          "version": "1.1.15",
          "bundled": true
        },
        "elementtree": {
          "version": "0.1.6",
          "bundled": true,
          "requires": {
            "sax": "0.3.5"
          }
        },
        "glob": {
          "version": "5.0.15",
          "bundled": true,
          "requires": {
            "inflight": "^1.0.4",
            "inherits": "2",
            "minimatch": "2 || 3",
            "once": "^1.3.0",
            "path-is-absolute": "^1.0.0"
          }
        },
        "inflight": {
          "version": "1.0.6",
          "bundled": true,
          "requires": {
            "once": "^1.3.0",
            "wrappy": "1"
          }
        },
        "inherits": {
          "version": "2.0.3",
          "bundled": true
        },
        "minimatch": {
          "version": "3.0.4",
          "bundled": true,
          "requires": {
            "brace-expansion": "^1.1.7"
          }
        },
        "nopt": {
          "version": "3.0.1",
          "bundled": true,
          "requires": {
            "abbrev": "1"
          }
        },
        "once": {
          "version": "1.4.0",
          "bundled": true,
          "requires": {
            "wrappy": "1"
          }
        },
        "path-is-absolute": {
          "version": "1.0.1",
          "bundled": true
        },
        "plist": {
          "version": "2.1.0",
          "bundled": true,
          "requires": {
            "base64-js": "1.2.0",
            "xmlbuilder": "8.2.2",
            "xmldom": "0.1.x"
          }
        },
        "properties-parser": {
          "version": "0.2.3",
          "bundled": true
        },
        "q": {
          "version": "1.4.1",
          "bundled": true
        },
        "sax": {
          "version": "0.3.5",
          "bundled": true
        },
        "semver": {
          "version": "5.5.0",
          "bundled": true
        },
        "shelljs": {
          "version": "0.5.3",
          "bundled": true
        },
        "underscore": {
          "version": "1.9.1",
          "bundled": true
        },
        "unorm": {
          "version": "1.4.1",
          "bundled": true
        },
        "wrappy": {
          "version": "1.0.2",
          "bundled": true
        },
        "xmlbuilder": {
          "version": "8.2.2",
          "bundled": true
        },
        "xmldom": {
          "version": "0.1.27",
          "bundled": true
        }
      }
    },
    "cordova-http": {
      "version": "0.3.0",
      "resolved": "https://registry.npmjs.org/cordova-http/-/cordova-http-0.3.0.tgz",
      "integrity": "sha1-7uWI30wmvnvNPUI4EhvojNTqqYs="
    },
    "cordova-ios": {
      "version": "4.5.5",
      "resolved": "https://registry.npmjs.org/cordova-ios/-/cordova-ios-4.5.5.tgz",
      "integrity": "sha512-3+30m2dZ2yii7kg+H7cgpdpkXpMj54zoX5imjGGG4Z7dPXKmalTLc/9rLq+Iaa+Q1BqyOrUFaHopWOODRU6vCg==",
      "requires": {
        "abbrev": "*",
        "ansi": "*",
        "balanced-match": "*",
        "base64-js": "1.2.0",
        "big-integer": "*",
        "bplist-creator": "*",
        "bplist-parser": "*",
        "brace-expansion": "*",
        "concat-map": "*",
        "cordova-common": "2.2.5",
        "cordova-registry-mapper": "*",
        "elementtree": "0.1.6",
        "glob": "5.0.15",
        "inflight": "*",
        "inherits": "*",
        "ios-sim": "6.1.3",
        "minimatch": "*",
        "nopt": "3.0.6",
        "once": "*",
        "path-is-absolute": "*",
        "plist": "2.1.0",
        "q": "1.5.1",
        "sax": "0.3.5",
        "shelljs": "0.5.3",
        "simctl": "*",
        "simple-plist": "0.2.1",
        "stream-buffers": "2.2.0",
        "tail": "0.4.0",
        "underscore": "*",
        "unorm": "*",
        "uuid": "3.0.1",
        "wrappy": "*",
        "xcode": "0.9.3",
        "xml-escape": "1.1.0",
        "xmlbuilder": "8.2.2",
        "xmldom": "*"
      },
      "dependencies": {
        "abbrev": {
          "version": "1.1.1",
          "bundled": true
        },
        "ansi": {
          "version": "0.3.1",
          "bundled": true
        },
        "balanced-match": {
          "version": "1.0.0",
          "bundled": true
        },
        "base64-js": {
          "version": "1.2.0",
          "bundled": true
        },
        "big-integer": {
          "version": "1.6.32",
          "bundled": true
        },
        "bplist-creator": {
          "version": "0.0.7",
          "bundled": true,
          "requires": {
            "stream-buffers": "~2.2.0"
          }
        },
        "bplist-parser": {
          "version": "0.1.1",
          "bundled": true,
          "requires": {
            "big-integer": "^1.6.7"
          }
        },
        "brace-expansion": {
          "version": "1.1.11",
          "bundled": true,
          "requires": {
            "balanced-match": "^1.0.0",
            "concat-map": "0.0.1"
          }
        },
        "concat-map": {
          "version": "0.0.1",
          "bundled": true
        },
        "cordova-common": {
          "version": "2.2.5",
          "bundled": true,
          "requires": {
            "ansi": "^0.3.1",
            "bplist-parser": "^0.1.0",
            "cordova-registry-mapper": "^1.1.8",
            "elementtree": "0.1.6",
            "glob": "^5.0.13",
            "minimatch": "^3.0.0",
            "plist": "^2.1.0",
            "q": "^1.4.1",
            "shelljs": "^0.5.3",
            "underscore": "^1.8.3",
            "unorm": "^1.3.3"
          }
        },
        "cordova-registry-mapper": {
          "version": "1.1.15",
          "bundled": true
        },
        "elementtree": {
          "version": "0.1.6",
          "bundled": true,
          "requires": {
            "sax": "0.3.5"
          }
        },
        "glob": {
          "version": "5.0.15",
          "bundled": true,
          "requires": {
            "inflight": "^1.0.4",
            "inherits": "2",
            "minimatch": "2 || 3",
            "once": "^1.3.0",
            "path-is-absolute": "^1.0.0"
          }
        },
        "inflight": {
          "version": "1.0.6",
          "bundled": true,
          "requires": {
            "once": "^1.3.0",
            "wrappy": "1"
          }
        },
        "inherits": {
          "version": "2.0.3",
          "bundled": true
        },
        "ios-sim": {
          "version": "6.1.3",
          "bundled": true,
          "requires": {
            "bplist-parser": "^0.0.6",
            "nopt": "1.0.9",
            "plist": "^2.1.0",
            "simctl": "^1.1.1"
          },
          "dependencies": {
            "bplist-parser": {
              "version": "0.0.6",
              "bundled": true
            },
            "nopt": {
              "version": "1.0.9",
              "bundled": true,
              "requires": {
                "abbrev": "1"
              }
            }
          }
        },
        "minimatch": {
          "version": "3.0.4",
          "bundled": true,
          "requires": {
            "brace-expansion": "^1.1.7"
          }
        },
        "nopt": {
          "version": "3.0.6",
          "bundled": true,
          "requires": {
            "abbrev": "1"
          }
        },
        "once": {
          "version": "1.4.0",
          "bundled": true,
          "requires": {
            "wrappy": "1"
          }
        },
        "path-is-absolute": {
          "version": "1.0.1",
          "bundled": true
        },
        "plist": {
          "version": "2.1.0",
          "bundled": true,
          "requires": {
            "base64-js": "1.2.0",
            "xmlbuilder": "8.2.2",
            "xmldom": "0.1.x"
          }
        },
        "q": {
          "version": "1.5.1",
          "bundled": true
        },
        "sax": {
          "version": "0.3.5",
          "bundled": true
        },
        "shelljs": {
          "version": "0.5.3",
          "bundled": true
        },
        "simctl": {
          "version": "1.1.1",
          "bundled": true,
          "requires": {
            "shelljs": "^0.2.6",
            "tail": "^0.4.0"
          },
          "dependencies": {
            "shelljs": {
              "version": "0.2.6",
              "bundled": true
            }
          }
        },
        "simple-plist": {
          "version": "0.2.1",
          "bundled": true,
          "requires": {
            "bplist-creator": "0.0.7",
            "bplist-parser": "0.1.1",
            "plist": "2.0.1"
          },
          "dependencies": {
            "base64-js": {
              "version": "1.1.2",
              "bundled": true
            },
            "plist": {
              "version": "2.0.1",
              "bundled": true,
              "requires": {
                "base64-js": "1.1.2",
                "xmlbuilder": "8.2.2",
                "xmldom": "0.1.x"
              }
            }
          }
        },
        "stream-buffers": {
          "version": "2.2.0",
          "bundled": true
        },
        "tail": {
          "version": "0.4.0",
          "bundled": true
        },
        "underscore": {
          "version": "1.9.1",
          "bundled": true
        },
        "unorm": {
          "version": "1.4.1",
          "bundled": true
        },
        "uuid": {
          "version": "3.0.1",
          "bundled": true
        },
        "wrappy": {
          "version": "1.0.2",
          "bundled": true
        },
        "xcode": {
          "version": "0.9.3",
          "bundled": true,
          "requires": {
            "pegjs": "^0.10.0",
            "simple-plist": "^0.2.1",
            "uuid": "3.0.1"
          }
        },
        "xml-escape": {
          "version": "1.1.0",
          "bundled": true
        },
        "xmlbuilder": {
          "version": "8.2.2",
          "bundled": true
        },
        "xmldom": {
          "version": "0.1.27",
          "bundled": true
        }
      }
    },
    "cordova-plugin-browsertab": {
      "version": "0.2.0",
      "resolved": "https://registry.npmjs.org/cordova-plugin-browsertab/-/cordova-plugin-browsertab-0.2.0.tgz",
      "integrity": "sha1-Hgf5hy4VRnpQ59FKc/79h0+u1ko="
    },
    "cordova-plugin-compat": {
      "version": "1.2.0",
      "resolved": "https://registry.npmjs.org/cordova-plugin-compat/-/cordova-plugin-compat-1.2.0.tgz",
      "integrity": "sha1-C8ZXVyduvZIMASzpIOJ0F3V2Nz4="
    },
    "cordova-plugin-file": {
      "version": "6.0.1",
      "resolved": "https://registry.npmjs.org/cordova-plugin-file/-/cordova-plugin-file-6.0.1.tgz",
      "integrity": "sha1-SWBrjBWlaI1HKPkuSnMloGHeB/U="
    },
    "cordova-plugin-http": {
      "version": "1.2.0",
      "resolved": "https://registry.npmjs.org/cordova-plugin-http/-/cordova-plugin-http-1.2.0.tgz",
      "integrity": "sha1-hUqixhWMCa7FzBOhHObahcnEqhc="
    },
    "cordova-plugin-inappbrowser": {
      "version": "3.0.0",
      "resolved": "https://registry.npmjs.org/cordova-plugin-inappbrowser/-/cordova-plugin-inappbrowser-3.0.0.tgz",
      "integrity": "sha1-1K4A02Z2IQdRBXrSWK5K1KkWGto="
    },
    "cordova-plugin-splashscreen": {
      "version": "5.0.2",
      "resolved": "https://registry.npmjs.org/cordova-plugin-splashscreen/-/cordova-plugin-splashscreen-5.0.2.tgz",
      "integrity": "sha1-dH509W4gHNWFvGLRS8oZ9oZ/8e0="
    },
    "cordova-plugin-statusbar": {
      "version": "2.4.2",
      "resolved": "https://registry.npmjs.org/cordova-plugin-statusbar/-/cordova-plugin-statusbar-2.4.2.tgz",
      "integrity": "sha1-/B+9wNjXAzp+jh8ff/FnrJvU+vY="
    },
    "cordova-plugin-whitelist": {
      "version": "1.3.3",
      "resolved": "https://registry.npmjs.org/cordova-plugin-whitelist/-/cordova-plugin-whitelist-1.3.3.tgz",
      "integrity": "sha1-tehezbv+Wu3tQKG/TuI3LmfZb7Q="
    },
    "fs-extra": {
      "version": "7.0.0",
      "resolved": "https://registry.npmjs.org/fs-extra/-/fs-extra-7.0.0.tgz",
      "integrity": "sha512-EglNDLRpmaTWiD/qraZn6HREAEAHJcJOmxNEYwq6xeMKnVMAy3GUcFB+wXt2C6k4CNvB/mP1y/U3dzvKKj5OtQ==",
      "requires": {
        "graceful-fs": "^4.1.2",
        "jsonfile": "^4.0.0",
        "universalify": "^0.1.0"
      }
    },
    "fs.realpath": {
      "version": "1.0.0",
      "resolved": "https://registry.npmjs.org/fs.realpath/-/fs.realpath-1.0.0.tgz",
      "integrity": "sha1-FQStJSMVjKpA20onh8sBQRmU6k8="
    },
    "glob": {
      "version": "7.1.3",
      "resolved": "https://registry.npmjs.org/glob/-/glob-7.1.3.tgz",
      "integrity": "sha512-vcfuiIxogLV4DlGBHIUOwI0IbrJ8HWPc4MU7HzviGeNho/UJDfi6B5p3sHeWIQ0KGIU0Jpxi5ZHxemQfLkkAwQ==",
      "requires": {
        "fs.realpath": "^1.0.0",
        "inflight": "^1.0.4",
        "inherits": "2",
        "minimatch": "^3.0.4",
        "once": "^1.3.0",
        "path-is-absolute": "^1.0.0"
      }
    },
    "graceful-fs": {
      "version": "4.1.11",
      "resolved": "https://registry.npmjs.org/graceful-fs/-/graceful-fs-4.1.11.tgz",
      "integrity": "sha1-Dovf5NHduIVNZOBOp8AOKgJuVlg="
    },
    "handlebars": {
      "version": "4.1.2",
      "resolved": "https://registry.npmjs.org/handlebars/-/handlebars-4.1.2.tgz",
      "integrity": "sha512-nvfrjqvt9xQ8Z/w0ijewdD/vvWDTOweBUm96NTr66Wfvo1mJenBLwcYmPs3TIBP5ruzYGD7Hx/DaM9RmhroGPw==",
      "requires": {
        "neo-async": "^2.6.0",
        "optimist": "^0.6.1",
        "source-map": "^0.6.1",
        "uglify-js": "^3.1.4"
      }
    },
    "he": {
      "version": "1.1.1",
      "resolved": "https://registry.npmjs.org/he/-/he-1.1.1.tgz",
      "integrity": "sha1-k0EP0hsAlzUVH4howvJx80J+I/0="
    },
    "highlight.js": {
      "version": "9.12.0",
      "resolved": "https://registry.npmjs.org/highlight.js/-/highlight.js-9.12.0.tgz",
      "integrity": "sha1-5tnb5Xy+/mB1HwKvM2GVhwyQwB4="
    },
    "html-minifier": {
      "version": "3.5.20",
      "resolved": "https://registry.npmjs.org/html-minifier/-/html-minifier-3.5.20.tgz",
      "integrity": "sha512-ZmgNLaTp54+HFKkONyLFEfs5dd/ZOtlquKaTnqIWFmx3Av5zG6ZPcV2d0o9XM2fXOTxxIf6eDcwzFFotke/5zA==",
      "requires": {
        "camel-case": "3.0.x",
        "clean-css": "4.2.x",
        "commander": "2.17.x",
        "he": "1.1.x",
        "param-case": "2.1.x",
        "relateurl": "0.2.x",
        "uglify-js": "3.4.x"
      }
    },
    "inflight": {
      "version": "1.0.6",
      "resolved": "https://registry.npmjs.org/inflight/-/inflight-1.0.6.tgz",
      "integrity": "sha1-Sb1jMdfQLQwJvJEKEHW6gWW1bfk=",
      "requires": {
        "once": "^1.3.0",
        "wrappy": "1"
      }
    },
    "inherits": {
      "version": "2.0.3",
      "resolved": "https://registry.npmjs.org/inherits/-/inherits-2.0.3.tgz",
      "integrity": "sha1-Yzwsg+PaQqUC9SRmAiSA9CCCYd4="
    },
    "interpret": {
      "version": "1.1.0",
      "resolved": "https://registry.npmjs.org/interpret/-/interpret-1.1.0.tgz",
      "integrity": "sha1-ftGxQQxqDg94z5XTuEQMY/eLhhQ="
    },
    "jsonfile": {
      "version": "4.0.0",
      "resolved": "https://registry.npmjs.org/jsonfile/-/jsonfile-4.0.0.tgz",
      "integrity": "sha1-h3Gq4HmbZAdrdmQPygWPnBDjPss=",
      "requires": {
        "graceful-fs": "^4.1.6"
      }
    },
    "lodash": {
      "version": "4.17.11",
      "resolved": "https://registry.npmjs.org/lodash/-/lodash-4.17.11.tgz",
      "integrity": "sha512-cQKh8igo5QUhZ7lg38DYWAxMvjSAKG0A8wGSVimP07SIUEK2UO+arSRKbRZWtelMtN5V0Hkwh5ryOto/SshYIg=="
    },
    "lower-case": {
      "version": "1.1.4",
      "resolved": "https://registry.npmjs.org/lower-case/-/lower-case-1.1.4.tgz",
      "integrity": "sha1-miyr0bno4K6ZOkv31YdcOcQujqw="
    },
    "marked": {
      "version": "0.4.0",
      "resolved": "https://registry.npmjs.org/marked/-/marked-0.4.0.tgz",
      "integrity": "sha512-tMsdNBgOsrUophCAFQl0XPe6Zqk/uy9gnue+jIIKhykO51hxyu6uNx7zBPy0+y/WKYVZZMspV9YeXLNdKk+iYw=="
    },
    "minimatch": {
      "version": "3.0.4",
      "resolved": "https://registry.npmjs.org/minimatch/-/minimatch-3.0.4.tgz",
      "integrity": "sha512-yJHVQEhyqPLUTgt9B83PXu6W3rx4MvvHvSUvToogpwoGDOUQ+yDrR0HRot+yOCdCO7u4hX3pWft6kWBBcqh0UA==",
      "requires": {
        "brace-expansion": "^1.1.7"
      }
    },
    "minimist": {
      "version": "0.0.10",
      "resolved": "http://registry.npmjs.org/minimist/-/minimist-0.0.10.tgz",
      "integrity": "sha1-3j+YVD2/lggr5IrRoMfNqDYwHc8="
    },
    "neo-async": {
      "version": "2.6.1",
      "resolved": "https://registry.npmjs.org/neo-async/-/neo-async-2.6.1.tgz",
      "integrity": "sha512-iyam8fBuCUpWeKPGpaNMetEocMt364qkCsfL9JuhjXX6dRnguRVOfk2GZaDpPjcOKiiXCPINZC1GczQ7iTq3Zw=="
    },
    "no-case": {
      "version": "2.3.2",
      "resolved": "https://registry.npmjs.org/no-case/-/no-case-2.3.2.tgz",
      "integrity": "sha512-rmTZ9kz+f3rCvK2TD1Ue/oZlns7OGoIWP4fc3llxxRXlOkHKoWPPWJOfFYpITabSow43QJbRIoHQXtt10VldyQ==",
      "requires": {
        "lower-case": "^1.1.1"
      }
    },
    "once": {
      "version": "1.4.0",
      "resolved": "https://registry.npmjs.org/once/-/once-1.4.0.tgz",
      "integrity": "sha1-WDsap3WWHUsROsF9nFC6753Xa9E=",
      "requires": {
        "wrappy": "1"
      }
    },
    "optimist": {
      "version": "0.6.1",
      "resolved": "https://registry.npmjs.org/optimist/-/optimist-0.6.1.tgz",
      "integrity": "sha1-2j6nRob6IaGaERwybpDrFaAZZoY=",
      "requires": {
        "minimist": "~0.0.1",
        "wordwrap": "~0.0.2"
      }
    },
    "param-case": {
      "version": "2.1.1",
      "resolved": "https://registry.npmjs.org/param-case/-/param-case-2.1.1.tgz",
      "integrity": "sha1-35T9jPZTHs915r75oIWPvHK+Ikc=",
      "requires": {
        "no-case": "^2.2.0"
      }
    },
    "path-is-absolute": {
      "version": "1.0.1",
      "resolved": "https://registry.npmjs.org/path-is-absolute/-/path-is-absolute-1.0.1.tgz",
      "integrity": "sha1-F0uSaHNVNP+8es5r9TpanhtcX18="
    },
    "path-parse": {
      "version": "1.0.6",
      "resolved": "https://registry.npmjs.org/path-parse/-/path-parse-1.0.6.tgz",
      "integrity": "sha512-GSmOT2EbHrINBf9SR7CDELwlJ8AENk3Qn7OikK4nFYAu3Ote2+JYNVvkpAEQm3/TLNEJFD/xZJjzyxg3KBWOzw=="
    },
    "pegjs": {
      "version": "0.10.0",
      "resolved": "https://registry.npmjs.org/pegjs/-/pegjs-0.10.0.tgz",
      "integrity": "sha1-z4uvrm7d/0tafvsYUmnqr0YQ3b0="
    },
    "progress": {
      "version": "2.0.0",
      "resolved": "https://registry.npmjs.org/progress/-/progress-2.0.0.tgz",
      "integrity": "sha1-ihvjZr+Pwj2yvSPxDG/pILQ4nR8="
    },
    "rechoir": {
      "version": "0.6.2",
      "resolved": "https://registry.npmjs.org/rechoir/-/rechoir-0.6.2.tgz",
      "integrity": "sha1-hSBLVNuoLVdC4oyWdW70OvUOM4Q=",
      "requires": {
        "resolve": "^1.1.6"
      }
    },
    "relateurl": {
      "version": "0.2.7",
      "resolved": "https://registry.npmjs.org/relateurl/-/relateurl-0.2.7.tgz",
      "integrity": "sha1-VNvzd+UUQKypCkzSdGANP/LYiKk="
    },
    "resolve": {
      "version": "1.8.1",
      "resolved": "https://registry.npmjs.org/resolve/-/resolve-1.8.1.tgz",
      "integrity": "sha512-AicPrAC7Qu1JxPCZ9ZgCZlY35QgFnNqc+0LtbRNxnVw4TXvjQ72wnuL9JQcEBgXkI9JM8MsT9kaQoHcpCRJOYA==",
      "requires": {
        "path-parse": "^1.0.5"
      }
    },
    "shelljs": {
      "version": "0.8.2",
      "resolved": "https://registry.npmjs.org/shelljs/-/shelljs-0.8.2.tgz",
      "integrity": "sha512-pRXeNrCA2Wd9itwhvLp5LZQvPJ0wU6bcjaTMywHHGX5XWhVN2nzSu7WV0q+oUY7mGK3mgSkDDzP3MgjqdyIgbQ==",
      "requires": {
        "glob": "^7.0.0",
        "interpret": "^1.0.0",
        "rechoir": "^0.6.2"
      }
    },
    "source-map": {
      "version": "0.6.1",
      "resolved": "https://registry.npmjs.org/source-map/-/source-map-0.6.1.tgz",
      "integrity": "sha512-UjgapumWlbMhkBgzT7Ykc5YXUT46F0iKu8SGXq0bcwP5dz/h0Plj6enJqjz1Zbq2l5WaqYnrVbwWOWMyF3F47g=="
    },
    "typedoc": {
      "version": "0.12.0",
      "resolved": "https://registry.npmjs.org/typedoc/-/typedoc-0.12.0.tgz",
      "integrity": "sha512-dsdlaYZ7Je8JC+jQ3j2Iroe4uyD0GhqzADNUVyBRgLuytQDP/g0dPkAw5PdM/4drnmmJjRzSWW97FkKo+ITqQg==",
      "requires": {
        "@types/fs-extra": "^5.0.3",
        "@types/handlebars": "^4.0.38",
        "@types/highlight.js": "^9.12.3",
        "@types/lodash": "^4.14.110",
        "@types/marked": "^0.4.0",
        "@types/minimatch": "3.0.3",
        "@types/shelljs": "^0.8.0",
        "fs-extra": "^7.0.0",
        "handlebars": "^4.0.6",
        "highlight.js": "^9.0.0",
        "lodash": "^4.17.10",
        "marked": "^0.4.0",
        "minimatch": "^3.0.0",
        "progress": "^2.0.0",
        "shelljs": "^0.8.2",
        "typedoc-default-themes": "^0.5.0",
        "typescript": "3.0.x"
      },
      "dependencies": {
        "typescript": {
          "version": "3.0.3",
          "resolved": "https://registry.npmjs.org/typescript/-/typescript-3.0.3.tgz",
          "integrity": "sha512-kk80vLW9iGtjMnIv11qyxLqZm20UklzuR2tL0QAnDIygIUIemcZMxlMWudl9OOt76H3ntVzcTiddQ1/pAAJMYg=="
        }
      }
    },
    "typedoc-default-themes": {
      "version": "0.5.0",
      "resolved": "https://registry.npmjs.org/typedoc-default-themes/-/typedoc-default-themes-0.5.0.tgz",
      "integrity": "sha1-bcJDPnjti+qOiHo6zeLzF4W9Yic="
    },
    "typescript": {
      "version": "2.9.2",
      "resolved": "https://registry.npmjs.org/typescript/-/typescript-2.9.2.tgz",
      "integrity": "sha512-Gr4p6nFNaoufRIY4NMdpQRNmgxVIGMs4Fcu/ujdYk3nAZqk7supzBE9idmvfZIlH/Cuj//dvi+019qEue9lV0w=="
    },
    "uglify-js": {
      "version": "3.4.9",
      "resolved": "https://registry.npmjs.org/uglify-js/-/uglify-js-3.4.9.tgz",
      "integrity": "sha512-8CJsbKOtEbnJsTyv6LE6m6ZKniqMiFWmm9sRbopbkGs3gMPPfd3Fh8iIA4Ykv5MgaTbqHr4BaoGLJLZNhsrW1Q==",
      "requires": {
        "commander": "~2.17.1",
        "source-map": "~0.6.1"
      }
    },
    "universalify": {
      "version": "0.1.2",
      "resolved": "https://registry.npmjs.org/universalify/-/universalify-0.1.2.tgz",
      "integrity": "sha512-rBJeI5CXAlmy1pV+617WB9J63U6XcazHHF2f2dbJix4XzpUF0RS3Zbj0FGIOCAva5P/d/GBOYaACQ1w+0azUkg=="
    },
    "upper-case": {
      "version": "1.1.3",
      "resolved": "https://registry.npmjs.org/upper-case/-/upper-case-1.1.3.tgz",
      "integrity": "sha1-9rRQHC7EzdJrp4vnIilh3ndiFZg="
    },
    "wordwrap": {
      "version": "0.0.3",
      "resolved": "https://registry.npmjs.org/wordwrap/-/wordwrap-0.0.3.tgz",
      "integrity": "sha1-o9XabNXAvAAI03I0u68b7WMFkQc="
    },
    "wrappy": {
      "version": "1.0.2",
      "resolved": "https://registry.npmjs.org/wrappy/-/wrappy-1.0.2.tgz",
      "integrity": "sha1-tSQ9jz7BqjXxNkYFvA0QNuMKtp8="
    }
  }
}
